{
  "version": 4,
  "terraform_version": "1.4.6",
  "serial": 461,
  "lineage": "936bc0b6-f0a0-04f9-3c6f-9207287cbf3f",
  "outputs": {
    "prometheus_url": {
      "value": "http://$(minikube ip):$(kubernetes_service.prometheus.spec.0.ports.0.node_port)",
      "type": "string"
    }
  },
  "resources": [
    {
      "mode": "managed",
      "type": "kubernetes_config_map",
      "name": "prometheus",
      "provider": "provider[\"registry.terraform.io/hashicorp/kubernetes\"]",
      "instances": [
        {
          "schema_version": 0,
          "attributes": {
            "binary_data": null,
            "data": {
              "prometheus.yml": "global:\r\n  scrape_interval: 15s\r\n  evaluation_interval: 15s\r\n\r\nscrape_configs:\r\n  - job_name: 'quarkus-api'\r\n    metrics_path: '/q/metrics'\r\n    static_configs:\r\n      - targets: ['10.244.0.1:8080', '10.244.0.2:8080', '10.244.0.3:8080', '10.244.0.4:8080', '10.244.0.5:8080', '10.244.0.6:8080', '10.244.0.7:8080', '10.244.0.8:8080', '10.244.0.9:8080', '10.244.0.10:8080', '10.244.0.11:8080', '10.244.0.12:8080', '10.244.0.13:8080', '10.244.0.14:8080', '10.244.0.15:8080', '10.244.0.16:8080', '10.244.0.17:8080', '10.244.0.18:8080', '10.244.0.19:8080', '10.244.0.20:8080', '10.244.0.21:8080', '10.244.0.22:8080', '10.244.0.23:8080', '10.244.0.24:8080', '10.244.0.25:8080', '10.244.0.26:8080', '10.244.0.27:8080', '10.244.0.28:8080', '10.244.0.29:8080', '10.244.0.30:8080', '10.244.0.31:8080', '10.244.0.32:8080', '10.244.0.33:8080', '10.244.0.34:8080', '10.244.0.35:8080', '10.244.0.36:8080', '10.244.0.37:8080', '10.244.0.38:8080', '10.244.0.39:8080', '10.244.0.40:8080', '10.244.0.41:8080', '10.244.0.42:8080', '10.244.0.43:8080', '10.244.0.44:8080', '10.244.0.45:8080', '10.244.0.46:8080', '10.244.0.47:8080', '10.244.0.48:8080', '10.244.0.49:8080', '10.244.0.50:8080', '10.244.0.51:8080', '10.244.0.52:8080', '10.244.0.53:8080', '10.244.0.54:8080', '10.244.0.55:8080', '10.244.0.56:8080', '10.244.0.57:8080', '10.244.0.58:8080', '10.244.0.59:8080', '10.244.0.60:8080', '10.244.0.61:8080', '10.244.0.62:8080', '10.244.0.63:8080', '10.244.0.64:8080', '10.244.0.65:8080', '10.244.0.66:8080', '10.244.0.67:8080', '10.244.0.68:8080', '10.244.0.69:8080', '10.244.0.70:8080', '10.244.0.71:8080', '10.244.0.72:8080', '10.244.0.73:8080', '10.244.0.74:8080', '10.244.0.75:8080', '10.244.0.76:8080', '10.244.0.77:8080', '10.244.0.78:8080', '10.244.0.79:8080', '10.244.0.80:8080', '10.244.0.81:8080', '10.244.0.82:8080', '10.244.0.83:8080', '10.244.0.84:8080', '10.244.0.85:8080', '10.244.0.86:8080', '10.244.0.87:8080', '10.244.0.88:8080', '10.244.0.89:8080', '10.244.0.90:8080', '10.244.0.91:8080', '10.244.0.92:8080', '10.244.0.93:8080', '10.244.0.94:8080', '10.244.0.95:8080', '10.244.0.96:8080', '10.244.0.97:8080', '10.244.0.98:8080']\r\n"
            },
            "id": "prometheus/prometheus-config",
            "metadata": [
              {
                "annotations": null,
                "generate_name": "",
                "generation": 0,
                "labels": null,
                "name": "prometheus-config",
                "namespace": "prometheus",
                "resource_version": "24833",
                "uid": "fe7506b1-4496-4be0-97f6-a8596d616be3"
              }
            ]
          },
          "sensitive_attributes": [],
          "private": "bnVsbA==",
          "dependencies": [
            "kubernetes_namespace.prometheus"
          ]
        }
      ]
    },
    {
      "mode": "managed",
      "type": "kubernetes_deployment",
      "name": "prometheus",
      "provider": "provider[\"registry.terraform.io/hashicorp/kubernetes\"]",
      "instances": [
        {
          "schema_version": 1,
          "attributes": {
            "id": "prometheus/prometheus",
            "metadata": [
              {
                "annotations": null,
                "generate_name": "",
                "generation": 1,
                "labels": null,
                "name": "prometheus",
                "namespace": "prometheus",
                "resource_version": "24860",
                "uid": "c50901c7-4895-4ad5-bef2-6c6a2cff1e8d"
              }
            ],
            "spec": [
              {
                "min_ready_seconds": 0,
                "paused": false,
                "progress_deadline_seconds": 600,
                "replicas": "1",
                "revision_history_limit": 10,
                "selector": [
                  {
                    "match_expressions": [],
                    "match_labels": {
                      "app": "prometheus"
                    }
                  }
                ],
                "strategy": [
                  {
                    "rolling_update": [
                      {
                        "max_surge": "25%",
                        "max_unavailable": "25%"
                      }
                    ],
                    "type": "RollingUpdate"
                  }
                ],
                "template": [
                  {
                    "metadata": [
                      {
                        "annotations": null,
                        "generate_name": "",
                        "generation": 0,
                        "labels": {
                          "app": "prometheus"
                        },
                        "name": "",
                        "namespace": "",
                        "resource_version": "",
                        "uid": ""
                      }
                    ],
                    "spec": [
                      {
                        "active_deadline_seconds": 0,
                        "affinity": [],
                        "automount_service_account_token": true,
                        "container": [
                          {
                            "args": [
                              "--config.file=/etc/prometheus/prometheus.yml",
                              "--storage.tsdb.path=/prometheus",
                              "--web.enable-admin-api"
                            ],
                            "command": null,
                            "env": [],
                            "env_from": [],
                            "image": "prom/prometheus:latest",
                            "image_pull_policy": "Always",
                            "lifecycle": [],
                            "liveness_probe": [],
                            "name": "prometheus",
                            "port": [],
                            "readiness_probe": [],
                            "resources": [
                              {
                                "limits": null,
                                "requests": null
                              }
                            ],
                            "security_context": [],
                            "startup_probe": [],
                            "stdin": false,
                            "stdin_once": false,
                            "termination_message_path": "/dev/termination-log",
                            "termination_message_policy": "File",
                            "tty": false,
                            "volume_mount": [
                              {
                                "mount_path": "/etc/prometheus",
                                "mount_propagation": "None",
                                "name": "config",
                                "read_only": false,
                                "sub_path": ""
                              },
                              {
                                "mount_path": "/prometheus",
                                "mount_propagation": "None",
                                "name": "data",
                                "read_only": false,
                                "sub_path": ""
                              }
                            ],
                            "working_dir": ""
                          }
                        ],
                        "dns_config": [],
                        "dns_policy": "ClusterFirst",
                        "enable_service_links": true,
                        "host_aliases": [],
                        "host_ipc": false,
                        "host_network": false,
                        "host_pid": false,
                        "hostname": "",
                        "image_pull_secrets": [],
                        "init_container": [],
                        "node_name": "",
                        "node_selector": null,
                        "priority_class_name": "",
                        "readiness_gate": [],
                        "restart_policy": "Always",
                        "security_context": [],
                        "service_account_name": "",
                        "share_process_namespace": false,
                        "subdomain": "",
                        "termination_grace_period_seconds": 30,
                        "toleration": [],
                        "topology_spread_constraint": [],
                        "volume": [
                          {
                            "aws_elastic_block_store": [],
                            "azure_disk": [],
                            "azure_file": [],
                            "ceph_fs": [],
                            "cinder": [],
                            "config_map": [
                              {
                                "default_mode": "0644",
                                "items": [],
                                "name": "prometheus-config",
                                "optional": false
                              }
                            ],
                            "csi": [],
                            "downward_api": [],
                            "empty_dir": [],
                            "fc": [],
                            "flex_volume": [],
                            "flocker": [],
                            "gce_persistent_disk": [],
                            "git_repo": [],
                            "glusterfs": [],
                            "host_path": [],
                            "iscsi": [],
                            "local": [],
                            "name": "config",
                            "nfs": [],
                            "persistent_volume_claim": [],
                            "photon_persistent_disk": [],
                            "projected": [],
                            "quobyte": [],
                            "rbd": [],
                            "secret": [],
                            "vsphere_volume": []
                          },
                          {
                            "aws_elastic_block_store": [],
                            "azure_disk": [],
                            "azure_file": [],
                            "ceph_fs": [],
                            "cinder": [],
                            "config_map": [],
                            "csi": [],
                            "downward_api": [],
                            "empty_dir": [
                              {
                                "medium": "",
                                "size_limit": ""
                              }
                            ],
                            "fc": [],
                            "flex_volume": [],
                            "flocker": [],
                            "gce_persistent_disk": [],
                            "git_repo": [],
                            "glusterfs": [],
                            "host_path": [],
                            "iscsi": [],
                            "local": [],
                            "name": "data",
                            "nfs": [],
                            "persistent_volume_claim": [],
                            "photon_persistent_disk": [],
                            "projected": [],
                            "quobyte": [],
                            "rbd": [],
                            "secret": [],
                            "vsphere_volume": []
                          }
                        ]
                      }
                    ]
                  }
                ]
              }
            ],
            "timeouts": null,
            "wait_for_rollout": true
          },
          "sensitive_attributes": [],
          "private": "eyJlMmJmYjczMC1lY2FhLTExZTYtOGY4OC0zNDM2M2JjN2M0YzAiOnsiY3JlYXRlIjo2MDAwMDAwMDAwMDAsImRlbGV0ZSI6NjAwMDAwMDAwMDAwLCJ1cGRhdGUiOjYwMDAwMDAwMDAwMH0sInNjaGVtYV92ZXJzaW9uIjoiMSJ9",
          "dependencies": [
            "kubernetes_config_map.prometheus",
            "kubernetes_namespace.prometheus"
          ]
        }
      ]
    },
    {
      "mode": "managed",
      "type": "kubernetes_namespace",
      "name": "prometheus",
      "provider": "provider[\"registry.terraform.io/hashicorp/kubernetes\"]",
      "instances": [
        {
          "schema_version": 0,
          "attributes": {
            "id": "prometheus",
            "metadata": [
              {
                "annotations": null,
                "generate_name": "",
                "generation": 0,
                "labels": null,
                "name": "prometheus",
                "resource_version": "24828",
                "uid": "203f3440-f814-4265-b16a-c8f268cc054a"
              }
            ],
            "timeouts": null
          },
          "sensitive_attributes": [],
          "private": "eyJlMmJmYjczMC1lY2FhLTExZTYtOGY4OC0zNDM2M2JjN2M0YzAiOnsiZGVsZXRlIjozMDAwMDAwMDAwMDB9fQ=="
        }
      ]
    },
    {
      "mode": "managed",
      "type": "kubernetes_service",
      "name": "prometheus",
      "provider": "provider[\"registry.terraform.io/hashicorp/kubernetes\"]",
      "instances": [
        {
          "schema_version": 1,
          "attributes": {
            "id": "prometheus/prometheus",
            "metadata": [
              {
                "annotations": null,
                "generate_name": "",
                "generation": 0,
                "labels": null,
                "name": "prometheus",
                "namespace": "prometheus",
                "resource_version": "24835",
                "uid": "73f469dd-1d7a-43a4-a9d5-ab65a53c9dc9"
              }
            ],
            "spec": [
              {
                "cluster_ip": "10.101.32.47",
                "external_ips": null,
                "external_name": "",
                "external_traffic_policy": "Cluster",
                "health_check_node_port": 0,
                "load_balancer_ip": "",
                "load_balancer_source_ranges": null,
                "port": [
                  {
                    "name": "",
                    "node_port": 30090,
                    "port": 9090,
                    "protocol": "TCP",
                    "target_port": "9090"
                  }
                ],
                "publish_not_ready_addresses": false,
                "selector": {
                  "app": "prometheus"
                },
                "session_affinity": "None",
                "type": "NodePort"
              }
            ],
            "status": [
              {
                "load_balancer": [
                  {
                    "ingress": []
                  }
                ]
              }
            ],
            "timeouts": null,
            "wait_for_load_balancer": true
          },
          "sensitive_attributes": [],
          "private": "eyJlMmJmYjczMC1lY2FhLTExZTYtOGY4OC0zNDM2M2JjN2M0YzAiOnsiY3JlYXRlIjo2MDAwMDAwMDAwMDB9LCJzY2hlbWFfdmVyc2lvbiI6IjEifQ==",
          "dependencies": [
            "kubernetes_namespace.prometheus"
          ]
        }
      ]
    }
  ],
  "check_results": null
}
